Microsoft Visual Studio Solution File, Format Version 12.00
# Visual Studio Version 17
VisualStudioVersion = 17.0.31903.59
MinimumVisualStudioVersion = 10.0.40219.1
Project("{9A19103F-16F7-4668-BE54-9A1E7A4F7556}") = "ProductService", "ProductService\ProductService.csproj", "{A1B2C3D4-E5F6-7890-ABCD-EF1234567890}"
EndProject
Project("{9A19103F-16F7-4668-BE54-9A1E7A4F7556}") = "CatalogService", "CatalogService\CatalogService.csproj", "{A0B52387-6442-42D5-BEE6-8AD22A61C5CB}"
EndProject
Project("{9A19103F-16F7-4668-BE54-9A1E7A4F7556}") = "CartService", "CartService\CartService.csproj", "{22AC3B04-48BB-4010-8163-A08A3783BFBE}"
EndProject
Project("{9A19103F-16F7-4668-BE54-9A1E7A4F7556}") = "ApiGateway", "ApiGateway\ApiGateway.csproj", "{09B62065-9107-4486-9DC6-A60B321B1A36}"
EndProject
Global
	GlobalSection(SolutionConfigurationPlatforms) = preSolution
		Debug|Any CPU = Debug|Any CPU
		Release|Any CPU = Release|Any CPU
	EndGlobalSection
	GlobalSection(ProjectConfigurationPlatforms) = postSolution
		{A1B2C3D4-E5F6-7890-ABCD-EF1234567890}.Debug|Any CPU.ActiveCfg = Debug|Any CPU
		{A1B2C3D4-E5F6-7890-ABCD-EF1234567890}.Debug|Any CPU.Build.0 = Debug|Any CPU
		{A1B2C3D4-E5F6-7890-ABCD-EF1234567890}.Release|Any CPU.ActiveCfg = Release|Any CPU
		{A1B2C3D4-E5F6-7890-ABCD-EF1234567890}.Release|Any CPU.Build.0 = Release|Any CPU
		{A0B52387-6442-42D5-BEE6-8AD22A61C5CB}.Debug|Any CPU.ActiveCfg = Debug|Any CPU
		{A0B52387-6442-42D5-BEE6-8AD22A61C5CB}.Debug|Any CPU.Build.0 = Debug|Any CPU
		{A0B52387-6442-42D5-BEE6-8AD22A61C5CB}.Release|Any CPU.ActiveCfg = Release|Any CPU
		{A0B52387-6442-42D5-BEE6-8AD22A61C5CB}.Release|Any CPU.Build.0 = Release|Any CPU
		{22AC3B04-48BB-4010-8163-A08A3783BFBE}.Debug|Any CPU.ActiveCfg = Debug|Any CPU
		{22AC3B04-48BB-4010-8163-A08A3783BFBE}.Debug|Any CPU.Build.0 = Debug|Any CPU
		{22AC3B04-48BB-4010-8163-A08A3783BFBE}.Release|Any CPU.ActiveCfg = Release|Any CPU
		{22AC3B04-48BB-4010-8163-A08A3783BFBE}.Release|Any CPU.Build.0 = Release|Any CPU
		{09B62065-9107-4486-9DC6-A60B321B1A36}.Debug|Any CPU.ActiveCfg = Debug|Any CPU
		{09B62065-9107-4486-9DC6-A60B321B1A36}.Debug|Any CPU.Build.0 = Debug|Any CPU
		{09B62065-9107-4486-9DC6-A60B321B1A36}.Release|Any CPU.ActiveCfg = Release|Any CPU
		{09B62065-9107-4486-9DC6-A60B321B1A36}.Release|Any CPU.Build.0 = Release|Any CPU
	EndGlobalSection
	GlobalSection(SolutionProperties) = preSolution
		HideSolutionNode = FALSE
	EndGlobalSection
EndGlobal
